
Microsoft Visual Studio Solution File, Format Version 12.00
# Visual Studio Version 17
VisualStudioVersion = 17.0.31903.59
MinimumVisualStudioVersion = 10.0.40219.1
Project("{2150E333-8FDC-42A3-9474-1A3956D46DE8}") = "src", "src", "{827E0CD3-B72D-47B6-A68D-7590B98EB39B}"
EndProject
Project("{FAE04EC0-301F-11D3-BF4B-00C04F79EFBC}") = "CoffeeMachine", "src\CoffeeMachine\CoffeeMachine.csproj", "{B185C320-2C05-44B1-98C0-5AEA4803AA48}"
EndProject
Project("{2150E333-8FDC-42A3-9474-1A3956D46DE8}") = "tests", "tests", "{0AB3BF05-4346-4AA6-1389-037BE0695223}"
EndProject
Project("{FAE04EC0-301F-11D3-BF4B-00C04F79EFBC}") = "CoffeeMachine.Tests", "tests\CoffeeMachine.Tests\CoffeeMachine.Tests.csproj", "{9645CD48-6915-46E3-8F0E-B7A4B673C641}"
EndProject
Global
	GlobalSection(SolutionConfigurationPlatforms) = preSolution
		Debug|Any CPU = Debug|Any CPU
		Debug|x64 = Debug|x64
		Debug|x86 = Debug|x86
		Release|Any CPU = Release|Any CPU
		Release|x64 = Release|x64
		Release|x86 = Release|x86
	EndGlobalSection
	GlobalSection(ProjectConfigurationPlatforms) = postSolution
		{B185C320-2C05-44B1-98C0-5AEA4803AA48}.Debug|Any CPU.ActiveCfg = Debug|Any CPU
		{B185C320-2C05-44B1-98C0-5AEA4803AA48}.Debug|Any CPU.Build.0 = Debug|Any CPU
		{B185C320-2C05-44B1-98C0-5AEA4803AA48}.Debug|x64.ActiveCfg = Debug|Any CPU
		{B185C320-2C05-44B1-98C0-5AEA4803AA48}.Debug|x64.Build.0 = Debug|Any CPU
		{B185C320-2C05-44B1-98C0-5AEA4803AA48}.Debug|x86.ActiveCfg = Debug|Any CPU
		{B185C320-2C05-44B1-98C0-5AEA4803AA48}.Debug|x86.Build.0 = Debug|Any CPU
		{B185C320-2C05-44B1-98C0-5AEA4803AA48}.Release|Any CPU.ActiveCfg = Release|Any CPU
		{B185C320-2C05-44B1-98C0-5AEA4803AA48}.Release|Any CPU.Build.0 = Release|Any CPU
		{B185C320-2C05-44B1-98C0-5AEA4803AA48}.Release|x64.ActiveCfg = Release|Any CPU
		{B185C320-2C05-44B1-98C0-5AEA4803AA48}.Release|x64.Build.0 = Release|Any CPU
		{B185C320-2C05-44B1-98C0-5AEA4803AA48}.Release|x86.ActiveCfg = Release|Any CPU
		{B185C320-2C05-44B1-98C0-5AEA4803AA48}.Release|x86.Build.0 = Release|Any CPU
		{9645CD48-6915-46E3-8F0E-B7A4B673C641}.Debug|Any CPU.ActiveCfg = Debug|Any CPU
		{9645CD48-6915-46E3-8F0E-B7A4B673C641}.Debug|Any CPU.Build.0 = Debug|Any CPU
		{9645CD48-6915-46E3-8F0E-B7A4B673C641}.Debug|x64.ActiveCfg = Debug|Any CPU
		{9645CD48-6915-46E3-8F0E-B7A4B673C641}.Debug|x64.Build.0 = Debug|Any CPU
		{9645CD48-6915-46E3-8F0E-B7A4B673C641}.Debug|x86.ActiveCfg = Debug|Any CPU
		{9645CD48-6915-46E3-8F0E-B7A4B673C641}.Debug|x86.Build.0 = Debug|Any CPU
		{9645CD48-6915-46E3-8F0E-B7A4B673C641}.Release|Any CPU.ActiveCfg = Release|Any CPU
		{9645CD48-6915-46E3-8F0E-B7A4B673C641}.Release|Any CPU.Build.0 = Release|Any CPU
		{9645CD48-6915-46E3-8F0E-B7A4B673C641}.Release|x64.ActiveCfg = Release|Any CPU
		{9645CD48-6915-46E3-8F0E-B7A4B673C641}.Release|x64.Build.0 = Release|Any CPU
		{9645CD48-6915-46E3-8F0E-B7A4B673C641}.Release|x86.ActiveCfg = Release|Any CPU
		{9645CD48-6915-46E3-8F0E-B7A4B673C641}.Release|x86.Build.0 = Release|Any CPU
	EndGlobalSection
	GlobalSection(SolutionProperties) = preSolution
		HideSolutionNode = FALSE
	EndGlobalSection
	GlobalSection(NestedProjects) = preSolution
		{B185C320-2C05-44B1-98C0-5AEA4803AA48} = {827E0CD3-B72D-47B6-A68D-7590B98EB39B}
		{9645CD48-6915-46E3-8F0E-B7A4B673C641} = {0AB3BF05-4346-4AA6-1389-037BE0695223}
	EndGlobalSection
EndGlobal
